
Microsoft Visual Studio Solution File, Format Version 12.00
# Visual Studio Version 16
VisualStudioVersion = 16.0.31205.134
MinimumVisualStudioVersion = 10.0.40219.1
Project("{FAE04EC0-301F-11D3-BF4B-00C04F79EFBC}") = "BirdMaze", "PairProgrammingTest\BirdMaze.csproj", "{FC30953C-4DC4-40BE-B108-6B3518F23206}"
EndProject
Project("{FAE04EC0-301F-11D3-BF4B-00C04F79EFBC}") = "ClassLibrary", "ClassLibrary\ClassLibrary.csproj", "{CC627433-71D5-4FDA-BF94-6239A24C5FA6}"
EndProject
Project("{FAE04EC0-301F-11D3-BF4B-00C04F79EFBC}") = "BirdManRepo", "BirdManRepo\BirdManRepo.csproj", "{01C623C8-947F-44E0-AD8C-F450F4FDA78C}"
EndProject
Global
	GlobalSection(SolutionConfigurationPlatforms) = preSolution
		Debug|Any CPU = Debug|Any CPU
		Release|Any CPU = Release|Any CPU
	EndGlobalSection
	GlobalSection(ProjectConfigurationPlatforms) = postSolution
		{FC30953C-4DC4-40BE-B108-6B3518F23206}.Debug|Any CPU.ActiveCfg = Debug|Any CPU
		{FC30953C-4DC4-40BE-B108-6B3518F23206}.Debug|Any CPU.Build.0 = Debug|Any CPU
		{FC30953C-4DC4-40BE-B108-6B3518F23206}.Release|Any CPU.ActiveCfg = Release|Any CPU
		{FC30953C-4DC4-40BE-B108-6B3518F23206}.Release|Any CPU.Build.0 = Release|Any CPU
		{CC627433-71D5-4FDA-BF94-6239A24C5FA6}.Debug|Any CPU.ActiveCfg = Debug|Any CPU
		{CC627433-71D5-4FDA-BF94-6239A24C5FA6}.Debug|Any CPU.Build.0 = Debug|Any CPU
		{CC627433-71D5-4FDA-BF94-6239A24C5FA6}.Release|Any CPU.ActiveCfg = Release|Any CPU
		{CC627433-71D5-4FDA-BF94-6239A24C5FA6}.Release|Any CPU.Build.0 = Release|Any CPU
		{01C623C8-947F-44E0-AD8C-F450F4FDA78C}.Debug|Any CPU.ActiveCfg = Debug|Any CPU
		{01C623C8-947F-44E0-AD8C-F450F4FDA78C}.Debug|Any CPU.Build.0 = Debug|Any CPU
		{01C623C8-947F-44E0-AD8C-F450F4FDA78C}.Release|Any CPU.ActiveCfg = Release|Any CPU
		{01C623C8-947F-44E0-AD8C-F450F4FDA78C}.Release|Any CPU.Build.0 = Release|Any CPU
	EndGlobalSection
	GlobalSection(SolutionProperties) = preSolution
		HideSolutionNode = FALSE
	EndGlobalSection
	GlobalSection(ExtensibilityGlobals) = postSolution
		SolutionGuid = {3AD28D58-C3BB-4CF9-95C7-9389C4DB0D83}
	EndGlobalSection
EndGlobal
